# This file is automatically @generated by Cargo.
# It is not intended for manual editing.
version = 4

[[package]]
name = "jolt-core"
version = "0.1.0"

[[package]]
name = "jolt-db"
version = "0.1.0"

[[package]]
name = "jolt-macros"
version = "0.1.0"

[[package]]
name = "jolt-templates"
version = "0.1.0"

[[package]]
name = "jolt-utils"
version = "0.1.0"
